// !$*UTF8*$!
{
	archiveVersion = 1;
	classes = {
	};
	objectVersion = 46;
	objects = {

/* Begin PBXBuildFile section */
		90470ECD6D4CFA695CF16673 /* Pods.framework in Frameworks */ = {isa = PBXBuildFile; fileRef = ADA76725CCA4F0FAB2194F2D /* Pods.framework */; };
		DE086B661C1789930091E34F /* Bolts.framework in Frameworks */ = {isa = PBXBuildFile; fileRef = DE086B601C1789930091E34F /* Bolts.framework */; };
		DE086B671C1789930091E34F /* Parse.framework in Frameworks */ = {isa = PBXBuildFile; fileRef = DE086B611C1789930091E34F /* Parse.framework */; };
		DE086B681C1789930091E34F /* ParseFacebookUtils.framework in Frameworks */ = {isa = PBXBuildFile; fileRef = DE086B621C1789930091E34F /* ParseFacebookUtils.framework */; };
		DE086B691C1789930091E34F /* ParseFacebookUtilsV4.framework in Frameworks */ = {isa = PBXBuildFile; fileRef = DE086B631C1789930091E34F /* ParseFacebookUtilsV4.framework */; };
		DE086B6A1C1789930091E34F /* ParseTwitterUtils.framework in Frameworks */ = {isa = PBXBuildFile; fileRef = DE086B641C1789930091E34F /* ParseTwitterUtils.framework */; };
		DE086B6B1C1789930091E34F /* ParseUI.framework in Frameworks */ = {isa = PBXBuildFile; fileRef = DE086B651C1789930091E34F /* ParseUI.framework */; };
		DE086B6D1C1789CE0091E34F /* AudioToolbox.framework in Frameworks */ = {isa = PBXBuildFile; fileRef = DE086B6C1C1789CE0091E34F /* AudioToolbox.framework */; };
		DE086B6F1C1789D80091E34F /* CFNetwork.framework in Frameworks */ = {isa = PBXBuildFile; fileRef = DE086B6E1C1789D80091E34F /* CFNetwork.framework */; };
		DE086B711C1789E20091E34F /* CoreGraphics.framework in Frameworks */ = {isa = PBXBuildFile; fileRef = DE086B701C1789E20091E34F /* CoreGraphics.framework */; };
		DE086B731C1789EA0091E34F /* CoreLocation.framework in Frameworks */ = {isa = PBXBuildFile; fileRef = DE086B721C1789EA0091E34F /* CoreLocation.framework */; };
		DE086B751C1789F40091E34F /* QuartzCore.framework in Frameworks */ = {isa = PBXBuildFile; fileRef = DE086B741C1789F40091E34F /* QuartzCore.framework */; };
		DE086B771C1789FC0091E34F /* Security.framework in Frameworks */ = {isa = PBXBuildFile; fileRef = DE086B761C1789FC0091E34F /* Security.framework */; };
		DE086B791C178A040091E34F /* StoreKit.framework in Frameworks */ = {isa = PBXBuildFile; fileRef = DE086B781C178A040091E34F /* StoreKit.framework */; };
		DE086B7B1C178A0D0091E34F /* SystemConfiguration.framework in Frameworks */ = {isa = PBXBuildFile; fileRef = DE086B7A1C178A0D0091E34F /* SystemConfiguration.framework */; };
		DE086B7D1C178A1A0091E34F /* libz.tbd in Frameworks */ = {isa = PBXBuildFile; fileRef = DE086B7C1C178A1A0091E34F /* libz.tbd */; };
		DE086B7F1C178A2B0091E34F /* libsqlite3.tbd in Frameworks */ = {isa = PBXBuildFile; fileRef = DE086B7E1C178A2B0091E34F /* libsqlite3.tbd */; };
		DE0DF0631C346427002AF9B0 /* iAd.framework in Frameworks */ = {isa = PBXBuildFile; fileRef = DE0DF0621C346427002AF9B0 /* iAd.framework */; };
		DE0FE2E61BF99C040010A8DB /* AVFoundation.framework in Frameworks */ = {isa = PBXBuildFile; fileRef = DE0FE2E51BF99C040010A8DB /* AVFoundation.framework */; };
		DE56915D1C09181C0029819A /* VideoCollectionViewCell.swift in Sources */ = {isa = PBXBuildFile; fileRef = DE56915C1C09181C0029819A /* VideoCollectionViewCell.swift */; };
		DE76B2361BFA85D6002E6293 /* User.swift in Sources */ = {isa = PBXBuildFile; fileRef = DE76B2351BFA85D6002E6293 /* User.swift */; };
		DE76B2381BFA85ED002E6293 /* Blog.swift in Sources */ = {isa = PBXBuildFile; fileRef = DE76B2371BFA85ED002E6293 /* Blog.swift */; };
		DE76B23A1BFA85F8002E6293 /* Comment.swift in Sources */ = {isa = PBXBuildFile; fileRef = DE76B2391BFA85F8002E6293 /* Comment.swift */; };
		DE76B23C1BFA8601002E6293 /* Like.swift in Sources */ = {isa = PBXBuildFile; fileRef = DE76B23B1BFA8601002E6293 /* Like.swift */; };
		DE76B23E1BFA8614002E6293 /* UserController.swift in Sources */ = {isa = PBXBuildFile; fileRef = DE76B23D1BFA8614002E6293 /* UserController.swift */; };
		DE76B2401BFA861D002E6293 /* BlogController.swift in Sources */ = {isa = PBXBuildFile; fileRef = DE76B23F1BFA861D002E6293 /* BlogController.swift */; };
		DE76B2421BFA8626002E6293 /* VideoController.swift in Sources */ = {isa = PBXBuildFile; fileRef = DE76B2411BFA8626002E6293 /* VideoController.swift */; };
		DE76B2471BFA8FBD002E6293 /* SignUpLoginPickerViewController.swift in Sources */ = {isa = PBXBuildFile; fileRef = DE76B2461BFA8FBD002E6293 /* SignUpLoginPickerViewController.swift */; };
		DE76B2491BFA8FD8002E6293 /* SignUpLoginViewController.swift in Sources */ = {isa = PBXBuildFile; fileRef = DE76B2481BFA8FD8002E6293 /* SignUpLoginViewController.swift */; };
		DE76B24F1BFA93B5002E6293 /* BlogsDetailTableViewController.swift in Sources */ = {isa = PBXBuildFile; fileRef = DE76B24E1BFA93B5002E6293 /* BlogsDetailTableViewController.swift */; };
		DE76B2511BFA93E2002E6293 /* FriendsSearchTableViewController.swift in Sources */ = {isa = PBXBuildFile; fileRef = DE76B2501BFA93E2002E6293 /* FriendsSearchTableViewController.swift */; };
		DE76B2531BFA942B002E6293 /* AddBlogViewController.swift in Sources */ = {isa = PBXBuildFile; fileRef = DE76B2521BFA942B002E6293 /* AddBlogViewController.swift */; };
		DE76B25A1BFA95B6002E6293 /* UserSearchResultTableViewController.swift in Sources */ = {isa = PBXBuildFile; fileRef = DE76B2591BFA95B6002E6293 /* UserSearchResultTableViewController.swift */; };
		DE76B25C1BFA9611002E6293 /* ProfileViewController.swift in Sources */ = {isa = PBXBuildFile; fileRef = DE76B25B1BFA9611002E6293 /* ProfileViewController.swift */; };
		DE7915ED1C320C7400E4B729 /* AddCommentTableViewCell.swift in Sources */ = {isa = PBXBuildFile; fileRef = DE7915EC1C320C7400E4B729 /* AddCommentTableViewCell.swift */; };
		DE7F10FF1C3716360041F705 /* BlogsChannelTableViewController.swift in Sources */ = {isa = PBXBuildFile; fileRef = DE7F10FE1C3716360041F705 /* BlogsChannelTableViewController.swift */; };
		DE8603381C20DCF000C36FEB /* Color.swift in Sources */ = {isa = PBXBuildFile; fileRef = DE8603371C20DCF000C36FEB /* Color.swift */; };
		DE8FF3BF1C1FA44C00F6BAA7 /* ParseHelper.swift in Sources */ = {isa = PBXBuildFile; fileRef = DE8FF3BE1C1FA44C00F6BAA7 /* ParseHelper.swift */; };
		DEA3C8C61C0ABC0E0034DA5F /* VideoBlogTableViewCell.swift in Sources */ = {isa = PBXBuildFile; fileRef = DEA3C8C51C0ABC0E0034DA5F /* VideoBlogTableViewCell.swift */; };
		DEADDB431C123E99005FA77B /* EdittingProfileTableViewController.swift in Sources */ = {isa = PBXBuildFile; fileRef = DEADDB421C123E99005FA77B /* EdittingProfileTableViewController.swift */; };
		DEB630BA1C0692AA005C65F8 /* ProfileHeaderCollectionReusableView.swift in Sources */ = {isa = PBXBuildFile; fileRef = DEB630B91C0692AA005C65F8 /* ProfileHeaderCollectionReusableView.swift */; };
		DEBDA34D1C3869A300974901 /* ForgetPasswordViewController.swift in Sources */ = {isa = PBXBuildFile; fileRef = DEBDA34C1C3869A300974901 /* ForgetPasswordViewController.swift */; };
		DEBF46A51C220DE3003FD06E /* AVKit.framework in Frameworks */ = {isa = PBXBuildFile; fileRef = DEBF46A41C220DE3003FD06E /* AVKit.framework */; };
		DEC22B021C03DC3E001DEAD7 /* FriendsTableViewCell.swift in Sources */ = {isa = PBXBuildFile; fileRef = DEC22B011C03DC3E001DEAD7 /* FriendsTableViewCell.swift */; };
		DEC22B041C03FD36001DEAD7 /* ImageController.swift in Sources */ = {isa = PBXBuildFile; fileRef = DEC22B031C03FD36001DEAD7 /* ImageController.swift */; };
		DEC397771C1FF6300001A1B5 /* Array.swift in Sources */ = {isa = PBXBuildFile; fileRef = DEC397761C1FF6300001A1B5 /* Array.swift */; };
		DEE6A1521BF9838B00009122 /* AppDelegate.swift in Sources */ = {isa = PBXBuildFile; fileRef = DEE6A1511BF9838B00009122 /* AppDelegate.swift */; };
		DEE6A1571BF9838B00009122 /* Main.storyboard in Resources */ = {isa = PBXBuildFile; fileRef = DEE6A1551BF9838B00009122 /* Main.storyboard */; };
		DEE6A1591BF9838C00009122 /* Assets.xcassets in Resources */ = {isa = PBXBuildFile; fileRef = DEE6A1581BF9838C00009122 /* Assets.xcassets */; };
		DEE6A15C1BF9838C00009122 /* LaunchScreen.storyboard in Resources */ = {isa = PBXBuildFile; fileRef = DEE6A15A1BF9838C00009122 /* LaunchScreen.storyboard */; };
		DEE6A1671BF9838C00009122 /* ViBlogTests.swift in Sources */ = {isa = PBXBuildFile; fileRef = DEE6A1661BF9838C00009122 /* ViBlogTests.swift */; };
		DEE6A1721BF9838C00009122 /* ViBlogUITests.swift in Sources */ = {isa = PBXBuildFile; fileRef = DEE6A1711BF9838C00009122 /* ViBlogUITests.swift */; };
		DEF36E1C1C16527C009C2122 /* BlogCommentTableViewCell.swift in Sources */ = {isa = PBXBuildFile; fileRef = DEF36E1B1C16527C009C2122 /* BlogCommentTableViewCell.swift */; };
/* End PBXBuildFile section */

/* Begin PBXContainerItemProxy section */
		DEE6A1631BF9838C00009122 /* PBXContainerItemProxy */ = {
			isa = PBXContainerItemProxy;
			containerPortal = DEE6A1461BF9838B00009122 /* Project object */;
			proxyType = 1;
			remoteGlobalIDString = DEE6A14D1BF9838B00009122;
			remoteInfo = ViBlog;
		};
		DEE6A16E1BF9838C00009122 /* PBXContainerItemProxy */ = {
			isa = PBXContainerItemProxy;
			containerPortal = DEE6A1461BF9838B00009122 /* Project object */;
			proxyType = 1;
			remoteGlobalIDString = DEE6A14D1BF9838B00009122;
			remoteInfo = ViBlog;
		};
/* End PBXContainerItemProxy section */

/* Begin PBXFileReference section */
		4194CA6F6506AEFA8BB2B4A2 /* Pods.release.xcconfig */ = {isa = PBXFileReference; includeInIndex = 1; lastKnownFileType = text.xcconfig; name = Pods.release.xcconfig; path = "Pods/Target Support Files/Pods/Pods.release.xcconfig"; sourceTree = "<group>"; };
		ADA76725CCA4F0FAB2194F2D /* Pods.framework */ = {isa = PBXFileReference; explicitFileType = wrapper.framework; includeInIndex = 0; path = Pods.framework; sourceTree = BUILT_PRODUCTS_DIR; };
		DE086B601C1789930091E34F /* Bolts.framework */ = {isa = PBXFileReference; lastKnownFileType = wrapper.framework; path = Bolts.framework; sourceTree = "<group>"; };
		DE086B611C1789930091E34F /* Parse.framework */ = {isa = PBXFileReference; lastKnownFileType = wrapper.framework; path = Parse.framework; sourceTree = "<group>"; };
		DE086B621C1789930091E34F /* ParseFacebookUtils.framework */ = {isa = PBXFileReference; lastKnownFileType = wrapper.framework; path = ParseFacebookUtils.framework; sourceTree = "<group>"; };
		DE086B631C1789930091E34F /* ParseFacebookUtilsV4.framework */ = {isa = PBXFileReference; lastKnownFileType = wrapper.framework; path = ParseFacebookUtilsV4.framework; sourceTree = "<group>"; };
		DE086B641C1789930091E34F /* ParseTwitterUtils.framework */ = {isa = PBXFileReference; lastKnownFileType = wrapper.framework; path = ParseTwitterUtils.framework; sourceTree = "<group>"; };
		DE086B651C1789930091E34F /* ParseUI.framework */ = {isa = PBXFileReference; lastKnownFileType = wrapper.framework; path = ParseUI.framework; sourceTree = "<group>"; };
		DE086B6C1C1789CE0091E34F /* AudioToolbox.framework */ = {isa = PBXFileReference; lastKnownFileType = wrapper.framework; name = AudioToolbox.framework; path = System/Library/Frameworks/AudioToolbox.framework; sourceTree = SDKROOT; };
		DE086B6E1C1789D80091E34F /* CFNetwork.framework */ = {isa = PBXFileReference; lastKnownFileType = wrapper.framework; name = CFNetwork.framework; path = System/Library/Frameworks/CFNetwork.framework; sourceTree = SDKROOT; };
		DE086B701C1789E20091E34F /* CoreGraphics.framework */ = {isa = PBXFileReference; lastKnownFileType = wrapper.framework; name = CoreGraphics.framework; path = System/Library/Frameworks/CoreGraphics.framework; sourceTree = SDKROOT; };
		DE086B721C1789EA0091E34F /* CoreLocation.framework */ = {isa = PBXFileReference; lastKnownFileType = wrapper.framework; name = CoreLocation.framework; path = System/Library/Frameworks/CoreLocation.framework; sourceTree = SDKROOT; };
		DE086B741C1789F40091E34F /* QuartzCore.framework */ = {isa = PBXFileReference; lastKnownFileType = wrapper.framework; name = QuartzCore.framework; path = System/Library/Frameworks/QuartzCore.framework; sourceTree = SDKROOT; };
		DE086B761C1789FC0091E34F /* Security.framework */ = {isa = PBXFileReference; lastKnownFileType = wrapper.framework; name = Security.framework; path = System/Library/Frameworks/Security.framework; sourceTree = SDKROOT; };
		DE086B781C178A040091E34F /* StoreKit.framework */ = {isa = PBXFileReference; lastKnownFileType = wrapper.framework; name = StoreKit.framework; path = System/Library/Frameworks/StoreKit.framework; sourceTree = SDKROOT; };
		DE086B7A1C178A0D0091E34F /* SystemConfiguration.framework */ = {isa = PBXFileReference; lastKnownFileType = wrapper.framework; name = SystemConfiguration.framework; path = System/Library/Frameworks/SystemConfiguration.framework; sourceTree = SDKROOT; };
		DE086B7C1C178A1A0091E34F /* libz.tbd */ = {isa = PBXFileReference; lastKnownFileType = "sourcecode.text-based-dylib-definition"; name = libz.tbd; path = usr/lib/libz.tbd; sourceTree = SDKROOT; };
		DE086B7E1C178A2B0091E34F /* libsqlite3.tbd */ = {isa = PBXFileReference; lastKnownFileType = "sourcecode.text-based-dylib-definition"; name = libsqlite3.tbd; path = usr/lib/libsqlite3.tbd; sourceTree = SDKROOT; };
		DE086B801C179B160091E34F /* ViBlog-Bridging-Header.h */ = {isa = PBXFileReference; lastKnownFileType = sourcecode.c.h; path = "ViBlog-Bridging-Header.h"; sourceTree = SOURCE_ROOT; };
		DE0DF0621C346427002AF9B0 /* iAd.framework */ = {isa = PBXFileReference; lastKnownFileType = wrapper.framework; name = iAd.framework; path = System/Library/Frameworks/iAd.framework; sourceTree = SDKROOT; };
		DE0FE2E51BF99C040010A8DB /* AVFoundation.framework */ = {isa = PBXFileReference; lastKnownFileType = wrapper.framework; name = AVFoundation.framework; path = System/Library/Frameworks/AVFoundation.framework; sourceTree = SDKROOT; };
		DE56915C1C09181C0029819A /* VideoCollectionViewCell.swift */ = {isa = PBXFileReference; fileEncoding = 4; lastKnownFileType = sourcecode.swift; path = VideoCollectionViewCell.swift; sourceTree = "<group>"; };
		DE76B2351BFA85D6002E6293 /* User.swift */ = {isa = PBXFileReference; fileEncoding = 4; lastKnownFileType = sourcecode.swift; path = User.swift; sourceTree = "<group>"; };
		DE76B2371BFA85ED002E6293 /* Blog.swift */ = {isa = PBXFileReference; fileEncoding = 4; lastKnownFileType = sourcecode.swift; path = Blog.swift; sourceTree = "<group>"; };
		DE76B2391BFA85F8002E6293 /* Comment.swift */ = {isa = PBXFileReference; fileEncoding = 4; lastKnownFileType = sourcecode.swift; path = Comment.swift; sourceTree = "<group>"; };
		DE76B23B1BFA8601002E6293 /* Like.swift */ = {isa = PBXFileReference; fileEncoding = 4; lastKnownFileType = sourcecode.swift; path = Like.swift; sourceTree = "<group>"; };
		DE76B23D1BFA8614002E6293 /* UserController.swift */ = {isa = PBXFileReference; fileEncoding = 4; lastKnownFileType = sourcecode.swift; path = UserController.swift; sourceTree = "<group>"; };
		DE76B23F1BFA861D002E6293 /* BlogController.swift */ = {isa = PBXFileReference; fileEncoding = 4; lastKnownFileType = sourcecode.swift; path = BlogController.swift; sourceTree = "<group>"; wrapsLines = 1; };
		DE76B2411BFA8626002E6293 /* VideoController.swift */ = {isa = PBXFileReference; fileEncoding = 4; lastKnownFileType = sourcecode.swift; path = VideoController.swift; sourceTree = "<group>"; };
		DE76B2461BFA8FBD002E6293 /* SignUpLoginPickerViewController.swift */ = {isa = PBXFileReference; fileEncoding = 4; lastKnownFileType = sourcecode.swift; path = SignUpLoginPickerViewController.swift; sourceTree = "<group>"; };
		DE76B2481BFA8FD8002E6293 /* SignUpLoginViewController.swift */ = {isa = PBXFileReference; fileEncoding = 4; lastKnownFileType = sourcecode.swift; path = SignUpLoginViewController.swift; sourceTree = "<group>"; };
		DE76B24E1BFA93B5002E6293 /* BlogsDetailTableViewController.swift */ = {isa = PBXFileReference; fileEncoding = 4; lastKnownFileType = sourcecode.swift; path = BlogsDetailTableViewController.swift; sourceTree = "<group>"; };
		DE76B2501BFA93E2002E6293 /* FriendsSearchTableViewController.swift */ = {isa = PBXFileReference; fileEncoding = 4; lastKnownFileType = sourcecode.swift; path = FriendsSearchTableViewController.swift; sourceTree = "<group>"; };
		DE76B2521BFA942B002E6293 /* AddBlogViewController.swift */ = {isa = PBXFileReference; fileEncoding = 4; lastKnownFileType = sourcecode.swift; path = AddBlogViewController.swift; sourceTree = "<group>"; };
		DE76B2591BFA95B6002E6293 /* UserSearchResultTableViewController.swift */ = {isa = PBXFileReference; fileEncoding = 4; lastKnownFileType = sourcecode.swift; path = UserSearchResultTableViewController.swift; sourceTree = "<group>"; };
		DE76B25B1BFA9611002E6293 /* ProfileViewController.swift */ = {isa = PBXFileReference; fileEncoding = 4; lastKnownFileType = sourcecode.swift; path = ProfileViewController.swift; sourceTree = "<group>"; };
		DE7915EC1C320C7400E4B729 /* AddCommentTableViewCell.swift */ = {isa = PBXFileReference; fileEncoding = 4; lastKnownFileType = sourcecode.swift; path = AddCommentTableViewCell.swift; sourceTree = "<group>"; };
		DE7F10FE1C3716360041F705 /* BlogsChannelTableViewController.swift */ = {isa = PBXFileReference; fileEncoding = 4; lastKnownFileType = sourcecode.swift; path = BlogsChannelTableViewController.swift; sourceTree = "<group>"; };
		DE8603371C20DCF000C36FEB /* Color.swift */ = {isa = PBXFileReference; fileEncoding = 4; lastKnownFileType = sourcecode.swift; name = Color.swift; path = ViBlog/Color.swift; sourceTree = "<group>"; };
		DE8FF3BE1C1FA44C00F6BAA7 /* ParseHelper.swift */ = {isa = PBXFileReference; fileEncoding = 4; lastKnownFileType = sourcecode.swift; path = ParseHelper.swift; sourceTree = "<group>"; };
		DEA3C8C51C0ABC0E0034DA5F /* VideoBlogTableViewCell.swift */ = {isa = PBXFileReference; fileEncoding = 4; lastKnownFileType = sourcecode.swift; path = VideoBlogTableViewCell.swift; sourceTree = "<group>"; };
		DEADDB421C123E99005FA77B /* EdittingProfileTableViewController.swift */ = {isa = PBXFileReference; fileEncoding = 4; lastKnownFileType = sourcecode.swift; path = EdittingProfileTableViewController.swift; sourceTree = "<group>"; };
		DEB630B91C0692AA005C65F8 /* ProfileHeaderCollectionReusableView.swift */ = {isa = PBXFileReference; fileEncoding = 4; lastKnownFileType = sourcecode.swift; path = ProfileHeaderCollectionReusableView.swift; sourceTree = "<group>"; };
		DEBDA34C1C3869A300974901 /* ForgetPasswordViewController.swift */ = {isa = PBXFileReference; fileEncoding = 4; lastKnownFileType = sourcecode.swift; path = ForgetPasswordViewController.swift; sourceTree = "<group>"; };
		DEBF46A41C220DE3003FD06E /* AVKit.framework */ = {isa = PBXFileReference; lastKnownFileType = wrapper.framework; name = AVKit.framework; path = System/Library/Frameworks/AVKit.framework; sourceTree = SDKROOT; };
		DEC22B011C03DC3E001DEAD7 /* FriendsTableViewCell.swift */ = {isa = PBXFileReference; fileEncoding = 4; lastKnownFileType = sourcecode.swift; path = FriendsTableViewCell.swift; sourceTree = "<group>"; };
		DEC22B031C03FD36001DEAD7 /* ImageController.swift */ = {isa = PBXFileReference; fileEncoding = 4; lastKnownFileType = sourcecode.swift; path = ImageController.swift; sourceTree = "<group>"; };
		DEC397761C1FF6300001A1B5 /* Array.swift */ = {isa = PBXFileReference; fileEncoding = 4; lastKnownFileType = sourcecode.swift; path = Array.swift; sourceTree = "<group>"; };
		DED2248A1C1B6D0D007826BF /* Podfile */ = {isa = PBXFileReference; lastKnownFileType = text; name = Podfile; path = ../Podfile; sourceTree = "<group>"; xcLanguageSpecificationIdentifier = xcode.lang.ruby; };
		DEE6A14E1BF9838B00009122 /* ViBlog.app */ = {isa = PBXFileReference; explicitFileType = wrapper.application; includeInIndex = 0; path = ViBlog.app; sourceTree = BUILT_PRODUCTS_DIR; };
		DEE6A1511BF9838B00009122 /* AppDelegate.swift */ = {isa = PBXFileReference; lastKnownFileType = sourcecode.swift; path = AppDelegate.swift; sourceTree = "<group>"; };
		DEE6A1561BF9838B00009122 /* Base */ = {isa = PBXFileReference; lastKnownFileType = file.storyboard; name = Base; path = Base.lproj/Main.storyboard; sourceTree = "<group>"; };
		DEE6A1581BF9838C00009122 /* Assets.xcassets */ = {isa = PBXFileReference; lastKnownFileType = folder.assetcatalog; path = Assets.xcassets; sourceTree = "<group>"; };
		DEE6A15B1BF9838C00009122 /* Base */ = {isa = PBXFileReference; lastKnownFileType = file.storyboard; name = Base; path = Base.lproj/LaunchScreen.storyboard; sourceTree = "<group>"; };
		DEE6A15D1BF9838C00009122 /* Info.plist */ = {isa = PBXFileReference; lastKnownFileType = text.plist.xml; path = Info.plist; sourceTree = "<group>"; };
		DEE6A1621BF9838C00009122 /* ViBlogTests.xctest */ = {isa = PBXFileReference; explicitFileType = wrapper.cfbundle; includeInIndex = 0; path = ViBlogTests.xctest; sourceTree = BUILT_PRODUCTS_DIR; };
		DEE6A1661BF9838C00009122 /* ViBlogTests.swift */ = {isa = PBXFileReference; lastKnownFileType = sourcecode.swift; path = ViBlogTests.swift; sourceTree = "<group>"; };
		DEE6A1681BF9838C00009122 /* Info.plist */ = {isa = PBXFileReference; lastKnownFileType = text.plist.xml; path = Info.plist; sourceTree = "<group>"; };
		DEE6A16D1BF9838C00009122 /* ViBlogUITests.xctest */ = {isa = PBXFileReference; explicitFileType = wrapper.cfbundle; includeInIndex = 0; path = ViBlogUITests.xctest; sourceTree = BUILT_PRODUCTS_DIR; };
		DEE6A1711BF9838C00009122 /* ViBlogUITests.swift */ = {isa = PBXFileReference; lastKnownFileType = sourcecode.swift; path = ViBlogUITests.swift; sourceTree = "<group>"; };
		DEE6A1731BF9838C00009122 /* Info.plist */ = {isa = PBXFileReference; lastKnownFileType = text.plist.xml; path = Info.plist; sourceTree = "<group>"; };
		DEF36E1B1C16527C009C2122 /* BlogCommentTableViewCell.swift */ = {isa = PBXFileReference; fileEncoding = 4; lastKnownFileType = sourcecode.swift; path = BlogCommentTableViewCell.swift; sourceTree = "<group>"; };
		FEB7829BF06C7DEA394DC420 /* Pods.debug.xcconfig */ = {isa = PBXFileReference; includeInIndex = 1; lastKnownFileType = text.xcconfig; name = Pods.debug.xcconfig; path = "Pods/Target Support Files/Pods/Pods.debug.xcconfig"; sourceTree = "<group>"; };
/* End PBXFileReference section */

/* Begin PBXFrameworksBuildPhase section */
		DEE6A14B1BF9838B00009122 /* Frameworks */ = {
			isa = PBXFrameworksBuildPhase;
			buildActionMask = 2147483647;
			files = (
				DE0DF0631C346427002AF9B0 /* iAd.framework in Frameworks */,
				DEBF46A51C220DE3003FD06E /* AVKit.framework in Frameworks */,
				DE086B7F1C178A2B0091E34F /* libsqlite3.tbd in Frameworks */,
				DE086B7D1C178A1A0091E34F /* libz.tbd in Frameworks */,
				DE086B7B1C178A0D0091E34F /* SystemConfiguration.framework in Frameworks */,
				DE086B791C178A040091E34F /* StoreKit.framework in Frameworks */,
				DE086B771C1789FC0091E34F /* Security.framework in Frameworks */,
				DE086B751C1789F40091E34F /* QuartzCore.framework in Frameworks */,
				DE086B731C1789EA0091E34F /* CoreLocation.framework in Frameworks */,
				DE086B711C1789E20091E34F /* CoreGraphics.framework in Frameworks */,
				DE086B6F1C1789D80091E34F /* CFNetwork.framework in Frameworks */,
				DE086B6D1C1789CE0091E34F /* AudioToolbox.framework in Frameworks */,
				DE0FE2E61BF99C040010A8DB /* AVFoundation.framework in Frameworks */,
				DE086B671C1789930091E34F /* Parse.framework in Frameworks */,
				DE086B6B1C1789930091E34F /* ParseUI.framework in Frameworks */,
				DE086B681C1789930091E34F /* ParseFacebookUtils.framework in Frameworks */,
				DE086B661C1789930091E34F /* Bolts.framework in Frameworks */,
				DE086B6A1C1789930091E34F /* ParseTwitterUtils.framework in Frameworks */,
				DE086B691C1789930091E34F /* ParseFacebookUtilsV4.framework in Frameworks */,
				90470ECD6D4CFA695CF16673 /* Pods.framework in Frameworks */,
			);
			runOnlyForDeploymentPostprocessing = 0;
		};
		DEE6A15F1BF9838C00009122 /* Frameworks */ = {
			isa = PBXFrameworksBuildPhase;
			buildActionMask = 2147483647;
			files = (
			);
			runOnlyForDeploymentPostprocessing = 0;
		};
		DEE6A16A1BF9838C00009122 /* Frameworks */ = {
			isa = PBXFrameworksBuildPhase;
			buildActionMask = 2147483647;
			files = (
			);
			runOnlyForDeploymentPostprocessing = 0;
		};
/* End PBXFrameworksBuildPhase section */

/* Begin PBXGroup section */
		8423F5CA0ABD20CEA4D0CF9D /* Pods */ = {
			isa = PBXGroup;
			children = (
				FEB7829BF06C7DEA394DC420 /* Pods.debug.xcconfig */,
				4194CA6F6506AEFA8BB2B4A2 /* Pods.release.xcconfig */,
			);
			name = Pods;
			sourceTree = "<group>";
		};
		9445FEE50E55A3EBCD42D15E /* Frameworks */ = {
			isa = PBXGroup;
			children = (
				DE0DF0621C346427002AF9B0 /* iAd.framework */,
				ADA76725CCA4F0FAB2194F2D /* Pods.framework */,
			);
			name = Frameworks;
			sourceTree = "<group>";
		};
		DE086B5F1C1789820091E34F /* Framework */ = {
			isa = PBXGroup;
			children = (
				DE086B801C179B160091E34F /* ViBlog-Bridging-Header.h */,
				DE086B7E1C178A2B0091E34F /* libsqlite3.tbd */,
				DE086B7C1C178A1A0091E34F /* libz.tbd */,
				DEBF46A41C220DE3003FD06E /* AVKit.framework */,
				DE0FE2E51BF99C040010A8DB /* AVFoundation.framework */,
				DE086B7A1C178A0D0091E34F /* SystemConfiguration.framework */,
				DE086B781C178A040091E34F /* StoreKit.framework */,
				DE086B761C1789FC0091E34F /* Security.framework */,
				DE086B741C1789F40091E34F /* QuartzCore.framework */,
				DE086B721C1789EA0091E34F /* CoreLocation.framework */,
				DE086B701C1789E20091E34F /* CoreGraphics.framework */,
				DE086B6E1C1789D80091E34F /* CFNetwork.framework */,
				DE086B6C1C1789CE0091E34F /* AudioToolbox.framework */,
				DE086B601C1789930091E34F /* Bolts.framework */,
				DE086B611C1789930091E34F /* Parse.framework */,
				DE086B621C1789930091E34F /* ParseFacebookUtils.framework */,
				DE086B631C1789930091E34F /* ParseFacebookUtilsV4.framework */,
				DE086B641C1789930091E34F /* ParseTwitterUtils.framework */,
				DE086B651C1789930091E34F /* ParseUI.framework */,
			);
			name = Framework;
			path = ViBlog;
			sourceTree = "<group>";
		};
		DE76B2321BFA85A5002E6293 /* Modal */ = {
			isa = PBXGroup;
			children = (
				DE76B2351BFA85D6002E6293 /* User.swift */,
				DE76B2371BFA85ED002E6293 /* Blog.swift */,
				DE76B2391BFA85F8002E6293 /* Comment.swift */,
				DE76B23B1BFA8601002E6293 /* Like.swift */,
				DE8FF3BE1C1FA44C00F6BAA7 /* ParseHelper.swift */,
				DE8603371C20DCF000C36FEB /* Color.swift */,
			);
			name = Modal;
			path = ..;
			sourceTree = "<group>";
		};
		DE76B2331BFA85B1002E6293 /* Controllers */ = {
			isa = PBXGroup;
			children = (
				DE76B23D1BFA8614002E6293 /* UserController.swift */,
				DEC22B031C03FD36001DEAD7 /* ImageController.swift */,
				DE76B23F1BFA861D002E6293 /* BlogController.swift */,
				DE76B2411BFA8626002E6293 /* VideoController.swift */,
			);
			name = Controllers;
			path = ..;
			sourceTree = "<group>";
		};
		DE76B2341BFA85BF002E6293 /* Views */ = {
			isa = PBXGroup;
			children = (
				DEE6A1551BF9838B00009122 /* Main.storyboard */,
				DEE6A15A1BF9838C00009122 /* LaunchScreen.storyboard */,
				DE76B2571BFA9469002E6293 /* SignUpLogin */,
				DE76B2541BFA943A002E6293 /* Blogs */,
				DE76B2551BFA944B002E6293 /* Create Blogs */,
				DE76B2561BFA945E002E6293 /* Friends */,
				DE76B2581BFA949C002E6293 /* Profile */,
			);
			name = Views;
			path = ..;
			sourceTree = "<group>";
		};
		DE76B2541BFA943A002E6293 /* Blogs */ = {
			isa = PBXGroup;
			children = (
				DE7F10FE1C3716360041F705 /* BlogsChannelTableViewController.swift */,
				DEA3C8C51C0ABC0E0034DA5F /* VideoBlogTableViewCell.swift */,
				DE76B24E1BFA93B5002E6293 /* BlogsDetailTableViewController.swift */,
				DEF36E1B1C16527C009C2122 /* BlogCommentTableViewCell.swift */,
				DE7915EC1C320C7400E4B729 /* AddCommentTableViewCell.swift */,
			);
			name = Blogs;
			sourceTree = "<group>";
		};
		DE76B2551BFA944B002E6293 /* Create Blogs */ = {
			isa = PBXGroup;
			children = (
				DE76B2521BFA942B002E6293 /* AddBlogViewController.swift */,
			);
			name = "Create Blogs";
			sourceTree = "<group>";
		};
		DE76B2561BFA945E002E6293 /* Friends */ = {
			isa = PBXGroup;
			children = (
				DEC22B011C03DC3E001DEAD7 /* FriendsTableViewCell.swift */,
				DE76B2501BFA93E2002E6293 /* FriendsSearchTableViewController.swift */,
				DE76B2591BFA95B6002E6293 /* UserSearchResultTableViewController.swift */,
			);
			name = Friends;
			sourceTree = "<group>";
		};
		DE76B2571BFA9469002E6293 /* SignUpLogin */ = {
			isa = PBXGroup;
			children = (
				DE76B2461BFA8FBD002E6293 /* SignUpLoginPickerViewController.swift */,
				DE76B2481BFA8FD8002E6293 /* SignUpLoginViewController.swift */,
				DEBDA34C1C3869A300974901 /* ForgetPasswordViewController.swift */,
			);
			name = SignUpLogin;
			sourceTree = "<group>";
		};
		DE76B2581BFA949C002E6293 /* Profile */ = {
			isa = PBXGroup;
			children = (
				DE76B25B1BFA9611002E6293 /* ProfileViewController.swift */,
				DEC397761C1FF6300001A1B5 /* Array.swift */,
				DEADDB421C123E99005FA77B /* EdittingProfileTableViewController.swift */,
				DE56915C1C09181C0029819A /* VideoCollectionViewCell.swift */,
				DEB630B91C0692AA005C65F8 /* ProfileHeaderCollectionReusableView.swift */,
			);
			name = Profile;
			sourceTree = "<group>";
		};
		DEE6A1451BF9838B00009122 = {
			isa = PBXGroup;
			children = (
				DEE6A1501BF9838B00009122 /* ViBlog */,
				DE086B5F1C1789820091E34F /* Framework */,
				DEE6A1651BF9838C00009122 /* ViBlogTests */,
				DEE6A1701BF9838C00009122 /* ViBlogUITests */,
				DEE6A14F1BF9838B00009122 /* Products */,
				8423F5CA0ABD20CEA4D0CF9D /* Pods */,
				9445FEE50E55A3EBCD42D15E /* Frameworks */,
			);
			sourceTree = "<group>";
		};
		DEE6A14F1BF9838B00009122 /* Products */ = {
			isa = PBXGroup;
			children = (
				DEE6A14E1BF9838B00009122 /* ViBlog.app */,
				DEE6A1621BF9838C00009122 /* ViBlogTests.xctest */,
				DEE6A16D1BF9838C00009122 /* ViBlogUITests.xctest */,
			);
			name = Products;
			sourceTree = "<group>";
		};
		DEE6A1501BF9838B00009122 /* ViBlog */ = {
			isa = PBXGroup;
			children = (
				DEE6A1511BF9838B00009122 /* AppDelegate.swift */,
				DEE6A15D1BF9838C00009122 /* Info.plist */,
				DED2248A1C1B6D0D007826BF /* Podfile */,
				DEE6A1581BF9838C00009122 /* Assets.xcassets */,
				DE76B2321BFA85A5002E6293 /* Modal */,
				DE76B2331BFA85B1002E6293 /* Controllers */,
				DE76B2341BFA85BF002E6293 /* Views */,
			);
			path = ViBlog;
			sourceTree = "<group>";
		};
		DEE6A1651BF9838C00009122 /* ViBlogTests */ = {
			isa = PBXGroup;
			children = (
				DEE6A1661BF9838C00009122 /* ViBlogTests.swift */,
				DEE6A1681BF9838C00009122 /* Info.plist */,
			);
			path = ViBlogTests;
			sourceTree = "<group>";
		};
		DEE6A1701BF9838C00009122 /* ViBlogUITests */ = {
			isa = PBXGroup;
			children = (
				DEE6A1711BF9838C00009122 /* ViBlogUITests.swift */,
				DEE6A1731BF9838C00009122 /* Info.plist */,
			);
			path = ViBlogUITests;
			sourceTree = "<group>";
		};
/* End PBXGroup section */

/* Begin PBXNativeTarget section */
		DEE6A14D1BF9838B00009122 /* ViBlog */ = {
			isa = PBXNativeTarget;
			buildConfigurationList = DEE6A1761BF9838C00009122 /* Build configuration list for PBXNativeTarget "ViBlog" */;
			buildPhases = (
				0A3EC80E1B44E7207C080536 /* Check Pods Manifest.lock */,
				DEE6A14A1BF9838B00009122 /* Sources */,
				DEE6A14B1BF9838B00009122 /* Frameworks */,
				DEE6A14C1BF9838B00009122 /* Resources */,
				204807985BAE74C8EB53CF16 /* Embed Pods Frameworks */,
				D0F81204A2C1C87D699631F8 /* Copy Pods Resources */,
			);
			buildRules = (
			);
			dependencies = (
			);
			name = ViBlog;
			productName = ViBlog;
			productReference = DEE6A14E1BF9838B00009122 /* ViBlog.app */;
			productType = "com.apple.product-type.application";
		};
		DEE6A1611BF9838C00009122 /* ViBlogTests */ = {
			isa = PBXNativeTarget;
			buildConfigurationList = DEE6A1791BF9838C00009122 /* Build configuration list for PBXNativeTarget "ViBlogTests" */;
			buildPhases = (
				DEE6A15E1BF9838C00009122 /* Sources */,
				DEE6A15F1BF9838C00009122 /* Frameworks */,
				DEE6A1601BF9838C00009122 /* Resources */,
			);
			buildRules = (
			);
			dependencies = (
				DEE6A1641BF9838C00009122 /* PBXTargetDependency */,
			);
			name = ViBlogTests;
			productName = ViBlogTests;
			productReference = DEE6A1621BF9838C00009122 /* ViBlogTests.xctest */;
			productType = "com.apple.product-type.bundle.unit-test";
		};
		DEE6A16C1BF9838C00009122 /* ViBlogUITests */ = {
			isa = PBXNativeTarget;
			buildConfigurationList = DEE6A17C1BF9838C00009122 /* Build configuration list for PBXNativeTarget "ViBlogUITests" */;
			buildPhases = (
				DEE6A1691BF9838C00009122 /* Sources */,
				DEE6A16A1BF9838C00009122 /* Frameworks */,
				DEE6A16B1BF9838C00009122 /* Resources */,
			);
			buildRules = (
			);
			dependencies = (
				DEE6A16F1BF9838C00009122 /* PBXTargetDependency */,
			);
			name = ViBlogUITests;
			productName = ViBlogUITests;
			productReference = DEE6A16D1BF9838C00009122 /* ViBlogUITests.xctest */;
			productType = "com.apple.product-type.bundle.ui-testing";
		};
/* End PBXNativeTarget section */

/* Begin PBXProject section */
		DEE6A1461BF9838B00009122 /* Project object */ = {
			isa = PBXProject;
			attributes = {
				LastSwiftUpdateCheck = 0710;
				LastUpgradeCheck = 0710;
				ORGANIZATIONNAME = Thang;
				TargetAttributes = {
					DEE6A14D1BF9838B00009122 = {
						CreatedOnToolsVersion = 7.1.1;
						DevelopmentTeam = WHJ2JK5E8R;
					};
					DEE6A1611BF9838C00009122 = {
						CreatedOnToolsVersion = 7.1.1;
						TestTargetID = DEE6A14D1BF9838B00009122;
					};
					DEE6A16C1BF9838C00009122 = {
						CreatedOnToolsVersion = 7.1.1;
						TestTargetID = DEE6A14D1BF9838B00009122;
					};
				};
			};
			buildConfigurationList = DEE6A1491BF9838B00009122 /* Build configuration list for PBXProject "ViBlog" */;
			compatibilityVersion = "Xcode 3.2";
			developmentRegion = English;
			hasScannedForEncodings = 0;
			knownRegions = (
				en,
				Base,
			);
			mainGroup = DEE6A1451BF9838B00009122;
			productRefGroup = DEE6A14F1BF9838B00009122 /* Products */;
			projectDirPath = "";
			projectRoot = "";
			targets = (
				DEE6A14D1BF9838B00009122 /* ViBlog */,
				DEE6A1611BF9838C00009122 /* ViBlogTests */,
				DEE6A16C1BF9838C00009122 /* ViBlogUITests */,
			);
		};
/* End PBXProject section */

/* Begin PBXResourcesBuildPhase section */
		DEE6A14C1BF9838B00009122 /* Resources */ = {
			isa = PBXResourcesBuildPhase;
			buildActionMask = 2147483647;
			files = (
				DEE6A15C1BF9838C00009122 /* LaunchScreen.storyboard in Resources */,
				DEE6A1591BF9838C00009122 /* Assets.xcassets in Resources */,
				DEE6A1571BF9838B00009122 /* Main.storyboard in Resources */,
			);
			runOnlyForDeploymentPostprocessing = 0;
		};
		DEE6A1601BF9838C00009122 /* Resources */ = {
			isa = PBXResourcesBuildPhase;
			buildActionMask = 2147483647;
			files = (
			);
			runOnlyForDeploymentPostprocessing = 0;
		};
		DEE6A16B1BF9838C00009122 /* Resources */ = {
			isa = PBXResourcesBuildPhase;
			buildActionMask = 2147483647;
			files = (
			);
			runOnlyForDeploymentPostprocessing = 0;
		};
/* End PBXResourcesBuildPhase section */

/* Begin PBXShellScriptBuildPhase section */
		0A3EC80E1B44E7207C080536 /* Check Pods Manifest.lock */ = {
			isa = PBXShellScriptBuildPhase;
			buildActionMask = 2147483647;
			files = (
			);
			inputPaths = (
			);
			name = "Check Pods Manifest.lock";
			outputPaths = (
			);
			runOnlyForDeploymentPostprocessing = 0;
			shellPath = /bin/sh;
			shellScript = "diff \"${PODS_ROOT}/../Podfile.lock\" \"${PODS_ROOT}/Manifest.lock\" > /dev/null\nif [[ $? != 0 ]] ; then\n    cat << EOM\nerror: The sandbox is not in sync with the Podfile.lock. Run 'pod install' or update your CocoaPods installation.\nEOM\n    exit 1\nfi\n";
			showEnvVarsInLog = 0;
		};
		204807985BAE74C8EB53CF16 /* Embed Pods Frameworks */ = {
			isa = PBXShellScriptBuildPhase;
			buildActionMask = 2147483647;
			files = (
			);
			inputPaths = (
			);
			name = "Embed Pods Frameworks";
			outputPaths = (
			);
			runOnlyForDeploymentPostprocessing = 0;
			shellPath = /bin/sh;
			shellScript = "\"${SRCROOT}/Pods/Target Support Files/Pods/Pods-frameworks.sh\"\n";
			showEnvVarsInLog = 0;
		};
		D0F81204A2C1C87D699631F8 /* Copy Pods Resources */ = {
			isa = PBXShellScriptBuildPhase;
			buildActionMask = 2147483647;
			files = (
			);
			inputPaths = (
			);
			name = "Copy Pods Resources";
			outputPaths = (
			);
			runOnlyForDeploymentPostprocessing = 0;
			shellPath = /bin/sh;
			shellScript = "\"${SRCROOT}/Pods/Target Support Files/Pods/Pods-resources.sh\"\n";
			showEnvVarsInLog = 0;
		};
/* End PBXShellScriptBuildPhase section */

/* Begin PBXSourcesBuildPhase section */
		DEE6A14A1BF9838B00009122 /* Sources */ = {
			isa = PBXSourcesBuildPhase;
			buildActionMask = 2147483647;
			files = (
				DE56915D1C09181C0029819A /* VideoCollectionViewCell.swift in Sources */,
				DE76B2491BFA8FD8002E6293 /* SignUpLoginViewController.swift in Sources */,
				DEF36E1C1C16527C009C2122 /* BlogCommentTableViewCell.swift in Sources */,
				DE76B2511BFA93E2002E6293 /* FriendsSearchTableViewController.swift in Sources */,
				DE76B2531BFA942B002E6293 /* AddBlogViewController.swift in Sources */,
				DE76B23C1BFA8601002E6293 /* Like.swift in Sources */,
				DE7915ED1C320C7400E4B729 /* AddCommentTableViewCell.swift in Sources */,
				DE76B2421BFA8626002E6293 /* VideoController.swift in Sources */,
				DE76B25C1BFA9611002E6293 /* ProfileViewController.swift in Sources */,
				DE76B2401BFA861D002E6293 /* BlogController.swift in Sources */,
				DEC22B021C03DC3E001DEAD7 /* FriendsTableViewCell.swift in Sources */,
				DE76B24F1BFA93B5002E6293 /* BlogsDetailTableViewController.swift in Sources */,
				DE76B23A1BFA85F8002E6293 /* Comment.swift in Sources */,
				DEB630BA1C0692AA005C65F8 /* ProfileHeaderCollectionReusableView.swift in Sources */,
				DEA3C8C61C0ABC0E0034DA5F /* VideoBlogTableViewCell.swift in Sources */,
				DEC22B041C03FD36001DEAD7 /* ImageController.swift in Sources */,
				DEADDB431C123E99005FA77B /* EdittingProfileTableViewController.swift in Sources */,
				DE8603381C20DCF000C36FEB /* Color.swift in Sources */,
				DEBDA34D1C3869A300974901 /* ForgetPasswordViewController.swift in Sources */,
				DE76B2471BFA8FBD002E6293 /* SignUpLoginPickerViewController.swift in Sources */,
				DEE6A1521BF9838B00009122 /* AppDelegate.swift in Sources */,
				DE76B23E1BFA8614002E6293 /* UserController.swift in Sources */,
				DE76B2361BFA85D6002E6293 /* User.swift in Sources */,
				DE7F10FF1C3716360041F705 /* BlogsChannelTableViewController.swift in Sources */,
				DEC397771C1FF6300001A1B5 /* Array.swift in Sources */,
				DE76B2381BFA85ED002E6293 /* Blog.swift in Sources */,
				DE76B25A1BFA95B6002E6293 /* UserSearchResultTableViewController.swift in Sources */,
				DE8FF3BF1C1FA44C00F6BAA7 /* ParseHelper.swift in Sources */,
			);
			runOnlyForDeploymentPostprocessing = 0;
		};
		DEE6A15E1BF9838C00009122 /* Sources */ = {
			isa = PBXSourcesBuildPhase;
			buildActionMask = 2147483647;
			files = (
				DEE6A1671BF9838C00009122 /* ViBlogTests.swift in Sources */,
			);
			runOnlyForDeploymentPostprocessing = 0;
		};
		DEE6A1691BF9838C00009122 /* Sources */ = {
			isa = PBXSourcesBuildPhase;
			buildActionMask = 2147483647;
			files = (
				DEE6A1721BF9838C00009122 /* ViBlogUITests.swift in Sources */,
			);
			runOnlyForDeploymentPostprocessing = 0;
		};
/* End PBXSourcesBuildPhase section */

/* Begin PBXTargetDependency section */
		DEE6A1641BF9838C00009122 /* PBXTargetDependency */ = {
			isa = PBXTargetDependency;
			target = DEE6A14D1BF9838B00009122 /* ViBlog */;
			targetProxy = DEE6A1631BF9838C00009122 /* PBXContainerItemProxy */;
		};
		DEE6A16F1BF9838C00009122 /* PBXTargetDependency */ = {
			isa = PBXTargetDependency;
			target = DEE6A14D1BF9838B00009122 /* ViBlog */;
			targetProxy = DEE6A16E1BF9838C00009122 /* PBXContainerItemProxy */;
		};
/* End PBXTargetDependency section */

/* Begin PBXVariantGroup section */
		DEE6A1551BF9838B00009122 /* Main.storyboard */ = {
			isa = PBXVariantGroup;
			children = (
				DEE6A1561BF9838B00009122 /* Base */,
			);
			name = Main.storyboard;
			path = ViBlog;
			sourceTree = "<group>";
		};
		DEE6A15A1BF9838C00009122 /* LaunchScreen.storyboard */ = {
			isa = PBXVariantGroup;
			children = (
				DEE6A15B1BF9838C00009122 /* Base */,
			);
			name = LaunchScreen.storyboard;
			path = ViBlog;
			sourceTree = "<group>";
		};
/* End PBXVariantGroup section */

/* Begin XCBuildConfiguration section */
		DEE6A1741BF9838C00009122 /* Debug */ = {
			isa = XCBuildConfiguration;
			buildSettings = {
				ALWAYS_SEARCH_USER_PATHS = NO;
				CLANG_CXX_LANGUAGE_STANDARD = "gnu++0x";
				CLANG_CXX_LIBRARY = "libc++";
				CLANG_ENABLE_MODULES = YES;
				CLANG_ENABLE_OBJC_ARC = YES;
				CLANG_WARN_BOOL_CONVERSION = YES;
				CLANG_WARN_CONSTANT_CONVERSION = YES;
				CLANG_WARN_DIRECT_OBJC_ISA_USAGE = YES_ERROR;
				CLANG_WARN_EMPTY_BODY = YES;
				CLANG_WARN_ENUM_CONVERSION = YES;
				CLANG_WARN_INT_CONVERSION = YES;
				CLANG_WARN_OBJC_ROOT_CLASS = YES_ERROR;
				CLANG_WARN_UNREACHABLE_CODE = YES;
				CLANG_WARN__DUPLICATE_METHOD_MATCH = YES;
				"CODE_SIGN_IDENTITY[sdk=iphoneos*]" = "iPhone Developer";
				COPY_PHASE_STRIP = NO;
				DEBUG_INFORMATION_FORMAT = dwarf;
				ENABLE_STRICT_OBJC_MSGSEND = YES;
				ENABLE_TESTABILITY = YES;
				GCC_C_LANGUAGE_STANDARD = gnu99;
				GCC_DYNAMIC_NO_PIC = NO;
				GCC_NO_COMMON_BLOCKS = YES;
				GCC_OPTIMIZATION_LEVEL = 0;
				GCC_PREPROCESSOR_DEFINITIONS = (
					"DEBUG=1",
					"$(inherited)",
				);
				GCC_WARN_64_TO_32_BIT_CONVERSION = YES;
				GCC_WARN_ABOUT_RETURN_TYPE = YES_ERROR;
				GCC_WARN_UNDECLARED_SELECTOR = YES;
				GCC_WARN_UNINITIALIZED_AUTOS = YES_AGGRESSIVE;
				GCC_WARN_UNUSED_FUNCTION = YES;
				GCC_WARN_UNUSED_VARIABLE = YES;
				IPHONEOS_DEPLOYMENT_TARGET = 9.1;
				MTL_ENABLE_DEBUG_INFO = YES;
				ONLY_ACTIVE_ARCH = YES;
				SDKROOT = iphoneos;
				SWIFT_OPTIMIZATION_LEVEL = "-Onone";
			};
			name = Debug;
		};
		DEE6A1751BF9838C00009122 /* Release */ = {
			isa = XCBuildConfiguration;
			buildSettings = {
				ALWAYS_SEARCH_USER_PATHS = NO;
				CLANG_CXX_LANGUAGE_STANDARD = "gnu++0x";
				CLANG_CXX_LIBRARY = "libc++";
				CLANG_ENABLE_MODULES = YES;
				CLANG_ENABLE_OBJC_ARC = YES;
				CLANG_WARN_BOOL_CONVERSION = YES;
				CLANG_WARN_CONSTANT_CONVERSION = YES;
				CLANG_WARN_DIRECT_OBJC_ISA_USAGE = YES_ERROR;
				CLANG_WARN_EMPTY_BODY = YES;
				CLANG_WARN_ENUM_CONVERSION = YES;
				CLANG_WARN_INT_CONVERSION = YES;
				CLANG_WARN_OBJC_ROOT_CLASS = YES_ERROR;
				CLANG_WARN_UNREACHABLE_CODE = YES;
				CLANG_WARN__DUPLICATE_METHOD_MATCH = YES;
				CODE_SIGN_IDENTITY = "iPhone Developer: Thang Tong (MDG6ZV9X2K)";
				"CODE_SIGN_IDENTITY[sdk=iphoneos*]" = "iPhone Developer: Thang Tong (MDG6ZV9X2K)";
				COPY_PHASE_STRIP = NO;
				DEBUG_INFORMATION_FORMAT = "dwarf-with-dsym";
				ENABLE_NS_ASSERTIONS = NO;
				ENABLE_STRICT_OBJC_MSGSEND = YES;
				GCC_C_LANGUAGE_STANDARD = gnu99;
				GCC_NO_COMMON_BLOCKS = YES;
				GCC_WARN_64_TO_32_BIT_CONVERSION = YES;
				GCC_WARN_ABOUT_RETURN_TYPE = YES_ERROR;
				GCC_WARN_UNDECLARED_SELECTOR = YES;
				GCC_WARN_UNINITIALIZED_AUTOS = YES_AGGRESSIVE;
				GCC_WARN_UNUSED_FUNCTION = YES;
				GCC_WARN_UNUSED_VARIABLE = YES;
				IPHONEOS_DEPLOYMENT_TARGET = 9.1;
				MTL_ENABLE_DEBUG_INFO = NO;
				SDKROOT = iphoneos;
				VALIDATE_PRODUCT = YES;
			};
			name = Release;
		};
		DEE6A1771BF9838C00009122 /* Debug */ = {
			isa = XCBuildConfiguration;
			baseConfigurationReference = FEB7829BF06C7DEA394DC420 /* Pods.debug.xcconfig */;
			buildSettings = {
				ASSETCATALOG_COMPILER_APPICON_NAME = AppIcon;
				CLANG_ENABLE_MODULES = YES;
				CODE_SIGN_IDENTITY = "iPhone Developer";
				"CODE_SIGN_IDENTITY[sdk=iphoneos*]" = "iPhone Developer";
				CURRENT_PROJECT_VERSION = 11;
				FRAMEWORK_SEARCH_PATHS = (
					"$(inherited)",
					"$(PROJECT_DIR)/ViBlog",
				);
				INFOPLIST_FILE = ViBlog/Info.plist;
				IPHONEOS_DEPLOYMENT_TARGET = 9.0;
				LD_RUNPATH_SEARCH_PATHS = "$(inherited) @executable_path/Frameworks";
				PRODUCT_BUNDLE_IDENTIFIER = com.TaTo.ViBlog;
				PRODUCT_NAME = "$(TARGET_NAME)";
				PROVISIONING_PROFILE = "";
				SWIFT_OBJC_BRIDGING_HEADER = "ViBlog-Bridging-Header.h";
				SWIFT_OPTIMIZATION_LEVEL = "-Onone";
			};
			name = Debug;
		};
		DEE6A1781BF9838C00009122 /* Release */ = {
			isa = XCBuildConfiguration;
			baseConfigurationReference = 4194CA6F6506AEFA8BB2B4A2 /* Pods.release.xcconfig */;
			buildSettings = {
				ASSETCATALOG_COMPILER_APPICON_NAME = AppIcon;
				CLANG_ENABLE_MODULES = YES;
				CODE_SIGN_IDENTITY = "iPhone Developer";
				"CODE_SIGN_IDENTITY[sdk=iphoneos*]" = "iPhone Developer";
				CURRENT_PROJECT_VERSION = 11;
				FRAMEWORK_SEARCH_PATHS = (
					"$(inherited)",
					"$(PROJECT_DIR)/ViBlog",
				);
				INFOPLIST_FILE = ViBlog/Info.plist;
				IPHONEOS_DEPLOYMENT_TARGET = 9.0;
				LD_RUNPATH_SEARCH_PATHS = "$(inherited) @executable_path/Frameworks";
				PRODUCT_BUNDLE_IDENTIFIER = com.TaTo.ViBlog;
				PRODUCT_NAME = "$(TARGET_NAME)";
				PROVISIONING_PROFILE = "";
				SWIFT_OBJC_BRIDGING_HEADER = "ViBlog-Bridging-Header.h";
			};
			name = Release;
		};
		DEE6A17A1BF9838C00009122 /* Debug */ = {
			isa = XCBuildConfiguration;
			buildSettings = {
				BUNDLE_LOADER = "$(TEST_HOST)";
				INFOPLIST_FILE = ViBlogTests/Info.plist;
				LD_RUNPATH_SEARCH_PATHS = "$(inherited) @executable_path/Frameworks @loader_path/Frameworks";
				PRODUCT_BUNDLE_IDENTIFIER = TaTo.ViBlogTests;
				PRODUCT_NAME = "$(TARGET_NAME)";
				TEST_HOST = "$(BUILT_PRODUCTS_DIR)/ViBlog.app/ViBlog";
			};
			name = Debug;
		};
		DEE6A17B1BF9838C00009122 /* Release */ = {
			isa = XCBuildConfiguration;
			buildSettings = {
				BUNDLE_LOADER = "$(TEST_HOST)";
				INFOPLIST_FILE = ViBlogTests/Info.plist;
				LD_RUNPATH_SEARCH_PATHS = "$(inherited) @executable_path/Frameworks @loader_path/Frameworks";
				PRODUCT_BUNDLE_IDENTIFIER = TaTo.ViBlogTests;
				PRODUCT_NAME = "$(TARGET_NAME)";
				TEST_HOST = "$(BUILT_PRODUCTS_DIR)/ViBlog.app/ViBlog";
			};
			name = Release;
		};
		DEE6A17D1BF9838C00009122 /* Debug */ = {
			isa = XCBuildConfiguration;
			buildSettings = {
				INFOPLIST_FILE = ViBlogUITests/Info.plist;
				LD_RUNPATH_SEARCH_PATHS = "$(inherited) @executable_path/Frameworks @loader_path/Frameworks";
				PRODUCT_BUNDLE_IDENTIFIER = TaTo.ViBlogUITests;
				PRODUCT_NAME = "$(TARGET_NAME)";
				TEST_TARGET_NAME = ViBlog;
				USES_XCTRUNNER = YES;
			};
			name = Debug;
		};
		DEE6A17E1BF9838C00009122 /* Release */ = {
			isa = XCBuildConfiguration;
			buildSettings = {
				INFOPLIST_FILE = ViBlogUITests/Info.plist;
				LD_RUNPATH_SEARCH_PATHS = "$(inherited) @executable_path/Frameworks @loader_path/Frameworks";
				PRODUCT_BUNDLE_IDENTIFIER = TaTo.ViBlogUITests;
				PRODUCT_NAME = "$(TARGET_NAME)";
				TEST_TARGET_NAME = ViBlog;
				USES_XCTRUNNER = YES;
			};
			name = Release;
		};
/* End XCBuildConfiguration section */

/* Begin XCConfigurationList section */
		DEE6A1491BF9838B00009122 /* Build configuration list for PBXProject "ViBlog" */ = {
			isa = XCConfigurationList;
			buildConfigurations = (
				DEE6A1741BF9838C00009122 /* Debug */,
				DEE6A1751BF9838C00009122 /* Release */,
			);
			defaultConfigurationIsVisible = 0;
			defaultConfigurationName = Release;
		};
		DEE6A1761BF9838C00009122 /* Build configuration list for PBXNativeTarget "ViBlog" */ = {
			isa = XCConfigurationList;
			buildConfigurations = (
				DEE6A1771BF9838C00009122 /* Debug */,
				DEE6A1781BF9838C00009122 /* Release */,
			);
			defaultConfigurationIsVisible = 0;
			defaultConfigurationName = Release;
		};
		DEE6A1791BF9838C00009122 /* Build configuration list for PBXNativeTarget "ViBlogTests" */ = {
			isa = XCConfigurationList;
			buildConfigurations = (
				DEE6A17A1BF9838C00009122 /* Debug */,
				DEE6A17B1BF9838C00009122 /* Release */,
			);
			defaultConfigurationIsVisible = 0;
			defaultConfigurationName = Release;
		};
		DEE6A17C1BF9838C00009122 /* Build configuration list for PBXNativeTarget "ViBlogUITests" */ = {
			isa = XCConfigurationList;
			buildConfigurations = (
				DEE6A17D1BF9838C00009122 /* Debug */,
				DEE6A17E1BF9838C00009122 /* Release */,
			);
			defaultConfigurationIsVisible = 0;
			defaultConfigurationName = Release;
		};
/* End XCConfigurationList section */
	};
	rootObject = DEE6A1461BF9838B00009122 /* Project object */;
}
