// !$*UTF8*$!
{
	archiveVersion = 1;
	classes = {
	};
	objectVersion = 46;
	objects = {

/* Begin PBXBuildFile section */
		DEE6A1521BF9838B00009122 /* AppDelegate.swift in Sources */ = {isa = PBXBuildFile; fileRef = DEE6A1511BF9838B00009122 /* AppDelegate.swift */; };
		DEE6A1541BF9838B00009122 /* ViewController.swift in Sources */ = {isa = PBXBuildFile; fileRef = DEE6A1531BF9838B00009122 /* ViewController.swift */; };
		DEE6A1571BF9838B00009122 /* Main.storyboard in Resources */ = {isa = PBXBuildFile; fileRef = DEE6A1551BF9838B00009122 /* Main.storyboard */; };
		DEE6A1591BF9838C00009122 /* Assets.xcassets in Resources */ = {isa = PBXBuildFile; fileRef = DEE6A1581BF9838C00009122 /* Assets.xcassets */; };
		DEE6A15C1BF9838C00009122 /* LaunchScreen.storyboard in Resources */ = {isa = PBXBuildFile; fileRef = DEE6A15A1BF9838C00009122 /* LaunchScreen.storyboard */; };
		DEE6A1671BF9838C00009122 /* ViBlogTests.swift in Sources */ = {isa = PBXBuildFile; fileRef = DEE6A1661BF9838C00009122 /* ViBlogTests.swift */; };
		DEE6A1721BF9838C00009122 /* ViBlogUITests.swift in Sources */ = {isa = PBXBuildFile; fileRef = DEE6A1711BF9838C00009122 /* ViBlogUITests.swift */; };
/* End PBXBuildFile section */

/* Begin PBXContainerItemProxy section */
		DEE6A1631BF9838C00009122 /* PBXContainerItemProxy */ = {
			isa = PBXContainerItemProxy;
			containerPortal = DEE6A1461BF9838B00009122 /* Project object */;
			proxyType = 1;
			remoteGlobalIDString = DEE6A14D1BF9838B00009122;
			remoteInfo = ViBlog;
		};
		DEE6A16E1BF9838C00009122 /* PBXContainerItemProxy */ = {
			isa = PBXContainerItemProxy;
			containerPortal = DEE6A1461BF9838B00009122 /* Project object */;
			proxyType = 1;
			remoteGlobalIDString = DEE6A14D1BF9838B00009122;
			remoteInfo = ViBlog;
		};
/* End PBXContainerItemProxy section */

/* Begin PBXFileReference section */
		DEE6A14E1BF9838B00009122 /* ViBlog.app */ = {isa = PBXFileReference; explicitFileType = wrapper.application; includeInIndex = 0; path = ViBlog.app; sourceTree = BUILT_PRODUCTS_DIR; };
		DEE6A1511BF9838B00009122 /* AppDelegate.swift */ = {isa = PBXFileReference; lastKnownFileType = sourcecode.swift; path = AppDelegate.swift; sourceTree = "<group>"; };
		DEE6A1531BF9838B00009122 /* ViewController.swift */ = {isa = PBXFileReference; lastKnownFileType = sourcecode.swift; path = ViewController.swift; sourceTree = "<group>"; };
		DEE6A1561BF9838B00009122 /* Base */ = {isa = PBXFileReference; lastKnownFileType = file.storyboard; name = Base; path = Base.lproj/Main.storyboard; sourceTree = "<group>"; };
		DEE6A1581BF9838C00009122 /* Assets.xcassets */ = {isa = PBXFileReference; lastKnownFileType = folder.assetcatalog; path = Assets.xcassets; sourceTree = "<group>"; };
		DEE6A15B1BF9838C00009122 /* Base */ = {isa = PBXFileReference; lastKnownFileType = file.storyboard; name = Base; path = Base.lproj/LaunchScreen.storyboard; sourceTree = "<group>"; };
		DEE6A15D1BF9838C00009122 /* Info.plist */ = {isa = PBXFileReference; lastKnownFileType = text.plist.xml; path = Info.plist; sourceTree = "<group>"; };
		DEE6A1621BF9838C00009122 /* ViBlogTests.xctest */ = {isa = PBXFileReference; explicitFileType = wrapper.cfbundle; includeInIndex = 0; path = ViBlogTests.xctest; sourceTree = BUILT_PRODUCTS_DIR; };
		DEE6A1661BF9838C00009122 /* ViBlogTests.swift */ = {isa = PBXFileReference; lastKnownFileType = sourcecode.swift; path = ViBlogTests.swift; sourceTree = "<group>"; };
		DEE6A1681BF9838C00009122 /* Info.plist */ = {isa = PBXFileReference; lastKnownFileType = text.plist.xml; path = Info.plist; sourceTree = "<group>"; };
		DEE6A16D1BF9838C00009122 /* ViBlogUITests.xctest */ = {isa = PBXFileReference; explicitFileType = wrapper.cfbundle; includeInIndex = 0; path = ViBlogUITests.xctest; sourceTree = BUILT_PRODUCTS_DIR; };
		DEE6A1711BF9838C00009122 /* ViBlogUITests.swift */ = {isa = PBXFileReference; lastKnownFileType = sourcecode.swift; path = ViBlogUITests.swift; sourceTree = "<group>"; };
		DEE6A1731BF9838C00009122 /* Info.plist */ = {isa = PBXFileReference; lastKnownFileType = text.plist.xml; path = Info.plist; sourceTree = "<group>"; };
/* End PBXFileReference section */

/* Begin PBXFrameworksBuildPhase section */
		DEE6A14B1BF9838B00009122 /* Frameworks */ = {
			isa = PBXFrameworksBuildPhase;
			buildActionMask = 2147483647;
			files = (
			);
			runOnlyForDeploymentPostprocessing = 0;
		};
		DEE6A15F1BF9838C00009122 /* Frameworks */ = {
			isa = PBXFrameworksBuildPhase;
			buildActionMask = 2147483647;
			files = (
			);
			runOnlyForDeploymentPostprocessing = 0;
		};
		DEE6A16A1BF9838C00009122 /* Frameworks */ = {
			isa = PBXFrameworksBuildPhase;
			buildActionMask = 2147483647;
			files = (
			);
			runOnlyForDeploymentPostprocessing = 0;
		};
/* End PBXFrameworksBuildPhase section */

/* Begin PBXGroup section */
		DEE6A1451BF9838B00009122 = {
			isa = PBXGroup;
			children = (
				DEE6A1501BF9838B00009122 /* ViBlog */,
				DEE6A1651BF9838C00009122 /* ViBlogTests */,
				DEE6A1701BF9838C00009122 /* ViBlogUITests */,
				DEE6A14F1BF9838B00009122 /* Products */,
			);
			sourceTree = "<group>";
		};
		DEE6A14F1BF9838B00009122 /* Products */ = {
			isa = PBXGroup;
			children = (
				DEE6A14E1BF9838B00009122 /* ViBlog.app */,
				DEE6A1621BF9838C00009122 /* ViBlogTests.xctest */,
				DEE6A16D1BF9838C00009122 /* ViBlogUITests.xctest */,
			);
			name = Products;
			sourceTree = "<group>";
		};
		DEE6A1501BF9838B00009122 /* ViBlog */ = {
			isa = PBXGroup;
			children = (
				DEE6A1511BF9838B00009122 /* AppDelegate.swift */,
				DEE6A1531BF9838B00009122 /* ViewController.swift */,
				DEE6A1551BF9838B00009122 /* Main.storyboard */,
				DEE6A1581BF9838C00009122 /* Assets.xcassets */,
				DEE6A15A1BF9838C00009122 /* LaunchScreen.storyboard */,
				DEE6A15D1BF9838C00009122 /* Info.plist */,
			);
			path = ViBlog;
			sourceTree = "<group>";
		};
		DEE6A1651BF9838C00009122 /* ViBlogTests */ = {
			isa = PBXGroup;
			children = (
				DEE6A1661BF9838C00009122 /* ViBlogTests.swift */,
				DEE6A1681BF9838C00009122 /* Info.plist */,
			);
			path = ViBlogTests;
			sourceTree = "<group>";
		};
		DEE6A1701BF9838C00009122 /* ViBlogUITests */ = {
			isa = PBXGroup;
			children = (
				DEE6A1711BF9838C00009122 /* ViBlogUITests.swift */,
				DEE6A1731BF9838C00009122 /* Info.plist */,
			);
			path = ViBlogUITests;
			sourceTree = "<group>";
		};
/* End PBXGroup section */

/* Begin PBXNativeTarget section */
		DEE6A14D1BF9838B00009122 /* ViBlog */ = {
			isa = PBXNativeTarget;
			buildConfigurationList = DEE6A1761BF9838C00009122 /* Build configuration list for PBXNativeTarget "ViBlog" */;
			buildPhases = (
				DEE6A14A1BF9838B00009122 /* Sources */,
				DEE6A14B1BF9838B00009122 /* Frameworks */,
				DEE6A14C1BF9838B00009122 /* Resources */,
			);
			buildRules = (
			);
			dependencies = (
			);
			name = ViBlog;
			productName = ViBlog;
			productReference = DEE6A14E1BF9838B00009122 /* ViBlog.app */;
			productType = "com.apple.product-type.application";
		};
		DEE6A1611BF9838C00009122 /* ViBlogTests */ = {
			isa = PBXNativeTarget;
			buildConfigurationList = DEE6A1791BF9838C00009122 /* Build configuration list for PBXNativeTarget "ViBlogTests" */;
			buildPhases = (
				DEE6A15E1BF9838C00009122 /* Sources */,
				DEE6A15F1BF9838C00009122 /* Frameworks */,
				DEE6A1601BF9838C00009122 /* Resources */,
			);
			buildRules = (
			);
			dependencies = (
				DEE6A1641BF9838C00009122 /* PBXTargetDependency */,
			);
			name = ViBlogTests;
			productName = ViBlogTests;
			productReference = DEE6A1621BF9838C00009122 /* ViBlogTests.xctest */;
			productType = "com.apple.product-type.bundle.unit-test";
		};
		DEE6A16C1BF9838C00009122 /* ViBlogUITests */ = {
			isa = PBXNativeTarget;
			buildConfigurationList = DEE6A17C1BF9838C00009122 /* Build configuration list for PBXNativeTarget "ViBlogUITests" */;
			buildPhases = (
				DEE6A1691BF9838C00009122 /* Sources */,
				DEE6A16A1BF9838C00009122 /* Frameworks */,
				DEE6A16B1BF9838C00009122 /* Resources */,
			);
			buildRules = (
			);
			dependencies = (
				DEE6A16F1BF9838C00009122 /* PBXTargetDependency */,
			);
			name = ViBlogUITests;
			productName = ViBlogUITests;
			productReference = DEE6A16D1BF9838C00009122 /* ViBlogUITests.xctest */;
			productType = "com.apple.product-type.bundle.ui-testing";
		};
/* End PBXNativeTarget section */

/* Begin PBXProject section */
		DEE6A1461BF9838B00009122 /* Project object */ = {
			isa = PBXProject;
			attributes = {
				LastSwiftUpdateCheck = 0710;
				LastUpgradeCheck = 0710;
				ORGANIZATIONNAME = Thang;
				TargetAttributes = {
					DEE6A14D1BF9838B00009122 = {
						CreatedOnToolsVersion = 7.1.1;
					};
					DEE6A1611BF9838C00009122 = {
						CreatedOnToolsVersion = 7.1.1;
						TestTargetID = DEE6A14D1BF9838B00009122;
					};
					DEE6A16C1BF9838C00009122 = {
						CreatedOnToolsVersion = 7.1.1;
						TestTargetID = DEE6A14D1BF9838B00009122;
					};
				};
			};
			buildConfigurationList = DEE6A1491BF9838B00009122 /* Build configuration list for PBXProject "ViBlog" */;
			compatibilityVersion = "Xcode 3.2";
			developmentRegion = English;
			hasScannedForEncodings = 0;
			knownRegions = (
				en,
				Base,
			);
			mainGroup = DEE6A1451BF9838B00009122;
			productRefGroup = DEE6A14F1BF9838B00009122 /* Products */;
			projectDirPath = "";
			projectRoot = "";
			targets = (
				DEE6A14D1BF9838B00009122 /* ViBlog */,
				DEE6A1611BF9838C00009122 /* ViBlogTests */,
				DEE6A16C1BF9838C00009122 /* ViBlogUITests */,
			);
		};
/* End PBXProject section */

/* Begin PBXResourcesBuildPhase section */
		DEE6A14C1BF9838B00009122 /* Resources */ = {
			isa = PBXResourcesBuildPhase;
			buildActionMask = 2147483647;
			files = (
				DEE6A15C1BF9838C00009122 /* LaunchScreen.storyboard in Resources */,
				DEE6A1591BF9838C00009122 /* Assets.xcassets in Resources */,
				DEE6A1571BF9838B00009122 /* Main.storyboard in Resources */,
			);
			runOnlyForDeploymentPostprocessing = 0;
		};
		DEE6A1601BF9838C00009122 /* Resources */ = {
			isa = PBXResourcesBuildPhase;
			buildActionMask = 2147483647;
			files = (
			);
			runOnlyForDeploymentPostprocessing = 0;
		};
		DEE6A16B1BF9838C00009122 /* Resources */ = {
			isa = PBXResourcesBuildPhase;
			buildActionMask = 2147483647;
			files = (
			);
			runOnlyForDeploymentPostprocessing = 0;
		};
/* End PBXResourcesBuildPhase section */

/* Begin PBXSourcesBuildPhase section */
		DEE6A14A1BF9838B00009122 /* Sources */ = {
			isa = PBXSourcesBuildPhase;
			buildActionMask = 2147483647;
			files = (
				DEE6A1541BF9838B00009122 /* ViewController.swift in Sources */,
				DEE6A1521BF9838B00009122 /* AppDelegate.swift in Sources */,
			);
			runOnlyForDeploymentPostprocessing = 0;
		};
		DEE6A15E1BF9838C00009122 /* Sources */ = {
			isa = PBXSourcesBuildPhase;
			buildActionMask = 2147483647;
			files = (
				DEE6A1671BF9838C00009122 /* ViBlogTests.swift in Sources */,
			);
			runOnlyForDeploymentPostprocessing = 0;
		};
		DEE6A1691BF9838C00009122 /* Sources */ = {
			isa = PBXSourcesBuildPhase;
			buildActionMask = 2147483647;
			files = (
				DEE6A1721BF9838C00009122 /* ViBlogUITests.swift in Sources */,
			);
			runOnlyForDeploymentPostprocessing = 0;
		};
/* End PBXSourcesBuildPhase section */

/* Begin PBXTargetDependency section */
		DEE6A1641BF9838C00009122 /* PBXTargetDependency */ = {
			isa = PBXTargetDependency;
			target = DEE6A14D1BF9838B00009122 /* ViBlog */;
			targetProxy = DEE6A1631BF9838C00009122 /* PBXContainerItemProxy */;
		};
		DEE6A16F1BF9838C00009122 /* PBXTargetDependency */ = {
			isa = PBXTargetDependency;
			target = DEE6A14D1BF9838B00009122 /* ViBlog */;
			targetProxy = DEE6A16E1BF9838C00009122 /* PBXContainerItemProxy */;
		};
/* End PBXTargetDependency section */

/* Begin PBXVariantGroup section */
		DEE6A1551BF9838B00009122 /* Main.storyboard */ = {
			isa = PBXVariantGroup;
			children = (
				DEE6A1561BF9838B00009122 /* Base */,
			);
			name = Main.storyboard;
			sourceTree = "<group>";
		};
		DEE6A15A1BF9838C00009122 /* LaunchScreen.storyboard */ = {
			isa = PBXVariantGroup;
			children = (
				DEE6A15B1BF9838C00009122 /* Base */,
			);
			name = LaunchScreen.storyboard;
			sourceTree = "<group>";
		};
/* End PBXVariantGroup section */

/* Begin XCBuildConfiguration section */
		DEE6A1741BF9838C00009122 /* Debug */ = {
			isa = XCBuildConfiguration;
			buildSettings = {
				ALWAYS_SEARCH_USER_PATHS = NO;
				CLANG_CXX_LANGUAGE_STANDARD = "gnu++0x";
				CLANG_CXX_LIBRARY = "libc++";
				CLANG_ENABLE_MODULES = YES;
				CLANG_ENABLE_OBJC_ARC = YES;
				CLANG_WARN_BOOL_CONVERSION = YES;
				CLANG_WARN_CONSTANT_CONVERSION = YES;
				CLANG_WARN_DIRECT_OBJC_ISA_USAGE = YES_ERROR;
				CLANG_WARN_EMPTY_BODY = YES;
				CLANG_WARN_ENUM_CONVERSION = YES;
				CLANG_WARN_INT_CONVERSION = YES;
				CLANG_WARN_OBJC_ROOT_CLASS = YES_ERROR;
				CLANG_WARN_UNREACHABLE_CODE = YES;
				CLANG_WARN__DUPLICATE_METHOD_MATCH = YES;
				"CODE_SIGN_IDENTITY[sdk=iphoneos*]" = "iPhone Developer";
				COPY_PHASE_STRIP = NO;
				DEBUG_INFORMATION_FORMAT = dwarf;
				ENABLE_STRICT_OBJC_MSGSEND = YES;
				ENABLE_TESTABILITY = YES;
				GCC_C_LANGUAGE_STANDARD = gnu99;
				GCC_DYNAMIC_NO_PIC = NO;
				GCC_NO_COMMON_BLOCKS = YES;
				GCC_OPTIMIZATION_LEVEL = 0;
				GCC_PREPROCESSOR_DEFINITIONS = (
					"DEBUG=1",
					"$(inherited)",
				);
				GCC_WARN_64_TO_32_BIT_CONVERSION = YES;
				GCC_WARN_ABOUT_RETURN_TYPE = YES_ERROR;
				GCC_WARN_UNDECLARED_SELECTOR = YES;
				GCC_WARN_UNINITIALIZED_AUTOS = YES_AGGRESSIVE;
				GCC_WARN_UNUSED_FUNCTION = YES;
				GCC_WARN_UNUSED_VARIABLE = YES;
				IPHONEOS_DEPLOYMENT_TARGET = 9.1;
				MTL_ENABLE_DEBUG_INFO = YES;
				ONLY_ACTIVE_ARCH = YES;
				SDKROOT = iphoneos;
				SWIFT_OPTIMIZATION_LEVEL = "-Onone";
			};
			name = Debug;
		};
		DEE6A1751BF9838C00009122 /* Release */ = {
			isa = XCBuildConfiguration;
			buildSettings = {
				ALWAYS_SEARCH_USER_PATHS = NO;
				CLANG_CXX_LANGUAGE_STANDARD = "gnu++0x";
				CLANG_CXX_LIBRARY = "libc++";
				CLANG_ENABLE_MODULES = YES;
				CLANG_ENABLE_OBJC_ARC = YES;
				CLANG_WARN_BOOL_CONVERSION = YES;
				CLANG_WARN_CONSTANT_CONVERSION = YES;
				CLANG_WARN_DIRECT_OBJC_ISA_USAGE = YES_ERROR;
				CLANG_WARN_EMPTY_BODY = YES;
				CLANG_WARN_ENUM_CONVERSION = YES;
				CLANG_WARN_INT_CONVERSION = YES;
				CLANG_WARN_OBJC_ROOT_CLASS = YES_ERROR;
				CLANG_WARN_UNREACHABLE_CODE = YES;
				CLANG_WARN__DUPLICATE_METHOD_MATCH = YES;
				"CODE_SIGN_IDENTITY[sdk=iphoneos*]" = "iPhone Developer";
				COPY_PHASE_STRIP = NO;
				DEBUG_INFORMATION_FORMAT = "dwarf-with-dsym";
				ENABLE_NS_ASSERTIONS = NO;
				ENABLE_STRICT_OBJC_MSGSEND = YES;
				GCC_C_LANGUAGE_STANDARD = gnu99;
				GCC_NO_COMMON_BLOCKS = YES;
				GCC_WARN_64_TO_32_BIT_CONVERSION = YES;
				GCC_WARN_ABOUT_RETURN_TYPE = YES_ERROR;
				GCC_WARN_UNDECLARED_SELECTOR = YES;
				GCC_WARN_UNINITIALIZED_AUTOS = YES_AGGRESSIVE;
				GCC_WARN_UNUSED_FUNCTION = YES;
				GCC_WARN_UNUSED_VARIABLE = YES;
				IPHONEOS_DEPLOYMENT_TARGET = 9.1;
				MTL_ENABLE_DEBUG_INFO = NO;
				SDKROOT = iphoneos;
				VALIDATE_PRODUCT = YES;
			};
			name = Release;
		};
		DEE6A1771BF9838C00009122 /* Debug */ = {
			isa = XCBuildConfiguration;
			buildSettings = {
				ASSETCATALOG_COMPILER_APPICON_NAME = AppIcon;
				INFOPLIST_FILE = ViBlog/Info.plist;
				LD_RUNPATH_SEARCH_PATHS = "$(inherited) @executable_path/Frameworks";
				PRODUCT_BUNDLE_IDENTIFIER = TaTo.ViBlog;
				PRODUCT_NAME = "$(TARGET_NAME)";
			};
			name = Debug;
		};
		DEE6A1781BF9838C00009122 /* Release */ = {
			isa = XCBuildConfiguration;
			buildSettings = {
				ASSETCATALOG_COMPILER_APPICON_NAME = AppIcon;
				INFOPLIST_FILE = ViBlog/Info.plist;
				LD_RUNPATH_SEARCH_PATHS = "$(inherited) @executable_path/Frameworks";
				PRODUCT_BUNDLE_IDENTIFIER = TaTo.ViBlog;
				PRODUCT_NAME = "$(TARGET_NAME)";
			};
			name = Release;
		};
		DEE6A17A1BF9838C00009122 /* Debug */ = {
			isa = XCBuildConfiguration;
			buildSettings = {
				BUNDLE_LOADER = "$(TEST_HOST)";
				INFOPLIST_FILE = ViBlogTests/Info.plist;
				LD_RUNPATH_SEARCH_PATHS = "$(inherited) @executable_path/Frameworks @loader_path/Frameworks";
				PRODUCT_BUNDLE_IDENTIFIER = TaTo.ViBlogTests;
				PRODUCT_NAME = "$(TARGET_NAME)";
				TEST_HOST = "$(BUILT_PRODUCTS_DIR)/ViBlog.app/ViBlog";
			};
			name = Debug;
		};
		DEE6A17B1BF9838C00009122 /* Release */ = {
			isa = XCBuildConfiguration;
			buildSettings = {
				BUNDLE_LOADER = "$(TEST_HOST)";
				INFOPLIST_FILE = ViBlogTests/Info.plist;
				LD_RUNPATH_SEARCH_PATHS = "$(inherited) @executable_path/Frameworks @loader_path/Frameworks";
				PRODUCT_BUNDLE_IDENTIFIER = TaTo.ViBlogTests;
				PRODUCT_NAME = "$(TARGET_NAME)";
				TEST_HOST = "$(BUILT_PRODUCTS_DIR)/ViBlog.app/ViBlog";
			};
			name = Release;
		};
		DEE6A17D1BF9838C00009122 /* Debug */ = {
			isa = XCBuildConfiguration;
			buildSettings = {
				INFOPLIST_FILE = ViBlogUITests/Info.plist;
				LD_RUNPATH_SEARCH_PATHS = "$(inherited) @executable_path/Frameworks @loader_path/Frameworks";
				PRODUCT_BUNDLE_IDENTIFIER = TaTo.ViBlogUITests;
				PRODUCT_NAME = "$(TARGET_NAME)";
				TEST_TARGET_NAME = ViBlog;
				USES_XCTRUNNER = YES;
			};
			name = Debug;
		};
		DEE6A17E1BF9838C00009122 /* Release */ = {
			isa = XCBuildConfiguration;
			buildSettings = {
				INFOPLIST_FILE = ViBlogUITests/Info.plist;
				LD_RUNPATH_SEARCH_PATHS = "$(inherited) @executable_path/Frameworks @loader_path/Frameworks";
				PRODUCT_BUNDLE_IDENTIFIER = TaTo.ViBlogUITests;
				PRODUCT_NAME = "$(TARGET_NAME)";
				TEST_TARGET_NAME = ViBlog;
				USES_XCTRUNNER = YES;
			};
			name = Release;
		};
/* End XCBuildConfiguration section */

/* Begin XCConfigurationList section */
		DEE6A1491BF9838B00009122 /* Build configuration list for PBXProject "ViBlog" */ = {
			isa = XCConfigurationList;
			buildConfigurations = (
				DEE6A1741BF9838C00009122 /* Debug */,
				DEE6A1751BF9838C00009122 /* Release */,
			);
			defaultConfigurationIsVisible = 0;
			defaultConfigurationName = Release;
		};
		DEE6A1761BF9838C00009122 /* Build configuration list for PBXNativeTarget "ViBlog" */ = {
			isa = XCConfigurationList;
			buildConfigurations = (
				DEE6A1771BF9838C00009122 /* Debug */,
				DEE6A1781BF9838C00009122 /* Release */,
			);
			defaultConfigurationIsVisible = 0;
		};
		DEE6A1791BF9838C00009122 /* Build configuration list for PBXNativeTarget "ViBlogTests" */ = {
			isa = XCConfigurationList;
			buildConfigurations = (
				DEE6A17A1BF9838C00009122 /* Debug */,
				DEE6A17B1BF9838C00009122 /* Release */,
			);
			defaultConfigurationIsVisible = 0;
		};
		DEE6A17C1BF9838C00009122 /* Build configuration list for PBXNativeTarget "ViBlogUITests" */ = {
			isa = XCConfigurationList;
			buildConfigurations = (
				DEE6A17D1BF9838C00009122 /* Debug */,
				DEE6A17E1BF9838C00009122 /* Release */,
			);
			defaultConfigurationIsVisible = 0;
		};
/* End XCConfigurationList section */
	};
	rootObject = DEE6A1461BF9838B00009122 /* Project object */;
}
